
Microsoft Visual Studio Solution File, Format Version 12.00
# Visual Studio Version 17
VisualStudioVersion = 17.11.35327.3
MinimumVisualStudioVersion = 10.0.40219.1
Project("{FAE04EC0-301F-11D3-BF4B-00C04F79EFBC}") = "Bank", "Bank\Bank.csproj", "{45734FF6-01B3-4D54-9770-20E4A8A7081F}"
EndProject
Global
	GlobalSection(SolutionConfigurationPlatforms) = preSolution
		Debug|Any CPU = Debug|Any CPU
		Release|Any CPU = Release|Any CPU
	EndGlobalSection
	GlobalSection(ProjectConfigurationPlatforms) = postSolution
		{45734FF6-01B3-4D54-9770-20E4A8A7081F}.Debug|Any CPU.ActiveCfg = Debug|Any CPU
		{45734FF6-01B3-4D54-9770-20E4A8A7081F}.Debug|Any CPU.Build.0 = Debug|Any CPU
		{45734FF6-01B3-4D54-9770-20E4A8A7081F}.Release|Any CPU.ActiveCfg = Release|Any CPU
		{45734FF6-01B3-4D54-9770-20E4A8A7081F}.Release|Any CPU.Build.0 = Release|Any CPU
	EndGlobalSection
	GlobalSection(SolutionProperties) = preSolution
		HideSolutionNode = FALSE
	EndGlobalSection
	GlobalSection(ExtensibilityGlobals) = postSolution
		SolutionGuid = {436587FD-89D6-475A-A4BC-1CA2F4DF7693}
	EndGlobalSection
EndGlobal
